// !$*UTF8*$!
{
	archiveVersion = 1;
	classes = {
	};
	objectVersion = 46;
	objects = {

/* Begin PBXBuildFile section */
		529DCD832062BFE7007F2008 /* AppDelegate.swift in Sources */ = {isa = PBXBuildFile; fileRef = 529DCD822062BFE7007F2008 /* AppDelegate.swift */; };
		529DCD852062BFE7007F2008 /* ViewController.swift in Sources */ = {isa = PBXBuildFile; fileRef = 529DCD842062BFE7007F2008 /* ViewController.swift */; };
		529DCD882062BFE7007F2008 /* Main.storyboard in Resources */ = {isa = PBXBuildFile; fileRef = 529DCD862062BFE7007F2008 /* Main.storyboard */; };
		529DCD8A2062BFE7007F2008 /* Assets.xcassets in Resources */ = {isa = PBXBuildFile; fileRef = 529DCD892062BFE7007F2008 /* Assets.xcassets */; };
		529DCD8D2062BFE7007F2008 /* LaunchScreen.storyboard in Resources */ = {isa = PBXBuildFile; fileRef = 529DCD8B2062BFE7007F2008 /* LaunchScreen.storyboard */; };
		529DCD982062BFE7007F2008 /* speechDevicesMidFiTests.swift in Sources */ = {isa = PBXBuildFile; fileRef = 529DCD972062BFE7007F2008 /* speechDevicesMidFiTests.swift */; };
		529DCDA32062BFE7007F2008 /* speechDevicesMidFiUITests.swift in Sources */ = {isa = PBXBuildFile; fileRef = 529DCDA22062BFE7007F2008 /* speechDevicesMidFiUITests.swift */; };
/* End PBXBuildFile section */

/* Begin PBXContainerItemProxy section */
		529DCD942062BFE7007F2008 /* PBXContainerItemProxy */ = {
			isa = PBXContainerItemProxy;
			containerPortal = 529DCD772062BFE6007F2008 /* Project object */;
			proxyType = 1;
			remoteGlobalIDString = 529DCD7E2062BFE6007F2008;
			remoteInfo = speechDevicesMidFi;
		};
		529DCD9F2062BFE7007F2008 /* PBXContainerItemProxy */ = {
			isa = PBXContainerItemProxy;
			containerPortal = 529DCD772062BFE6007F2008 /* Project object */;
			proxyType = 1;
			remoteGlobalIDString = 529DCD7E2062BFE6007F2008;
			remoteInfo = speechDevicesMidFi;
		};
/* End PBXContainerItemProxy section */

/* Begin PBXFileReference section */
		529DCD7F2062BFE7007F2008 /* speechDevicesMidFi.app */ = {isa = PBXFileReference; explicitFileType = wrapper.application; includeInIndex = 0; path = speechDevicesMidFi.app; sourceTree = BUILT_PRODUCTS_DIR; };
		529DCD822062BFE7007F2008 /* AppDelegate.swift */ = {isa = PBXFileReference; lastKnownFileType = sourcecode.swift; path = AppDelegate.swift; sourceTree = "<group>"; };
		529DCD842062BFE7007F2008 /* ViewController.swift */ = {isa = PBXFileReference; lastKnownFileType = sourcecode.swift; path = ViewController.swift; sourceTree = "<group>"; };
		529DCD872062BFE7007F2008 /* Base */ = {isa = PBXFileReference; lastKnownFileType = file.storyboard; name = Base; path = Base.lproj/Main.storyboard; sourceTree = "<group>"; };
		529DCD892062BFE7007F2008 /* Assets.xcassets */ = {isa = PBXFileReference; lastKnownFileType = folder.assetcatalog; path = Assets.xcassets; sourceTree = "<group>"; };
		529DCD8C2062BFE7007F2008 /* Base */ = {isa = PBXFileReference; lastKnownFileType = file.storyboard; name = Base; path = Base.lproj/LaunchScreen.storyboard; sourceTree = "<group>"; };
		529DCD8E2062BFE7007F2008 /* Info.plist */ = {isa = PBXFileReference; lastKnownFileType = text.plist.xml; path = Info.plist; sourceTree = "<group>"; };
		529DCD932062BFE7007F2008 /* speechDevicesMidFiTests.xctest */ = {isa = PBXFileReference; explicitFileType = wrapper.cfbundle; includeInIndex = 0; path = speechDevicesMidFiTests.xctest; sourceTree = BUILT_PRODUCTS_DIR; };
		529DCD972062BFE7007F2008 /* speechDevicesMidFiTests.swift */ = {isa = PBXFileReference; lastKnownFileType = sourcecode.swift; path = speechDevicesMidFiTests.swift; sourceTree = "<group>"; };
		529DCD992062BFE7007F2008 /* Info.plist */ = {isa = PBXFileReference; lastKnownFileType = text.plist.xml; path = Info.plist; sourceTree = "<group>"; };
		529DCD9E2062BFE7007F2008 /* speechDevicesMidFiUITests.xctest */ = {isa = PBXFileReference; explicitFileType = wrapper.cfbundle; includeInIndex = 0; path = speechDevicesMidFiUITests.xctest; sourceTree = BUILT_PRODUCTS_DIR; };
		529DCDA22062BFE7007F2008 /* speechDevicesMidFiUITests.swift */ = {isa = PBXFileReference; lastKnownFileType = sourcecode.swift; path = speechDevicesMidFiUITests.swift; sourceTree = "<group>"; };
		529DCDA42062BFE7007F2008 /* Info.plist */ = {isa = PBXFileReference; lastKnownFileType = text.plist.xml; path = Info.plist; sourceTree = "<group>"; };
/* End PBXFileReference section */

/* Begin PBXFrameworksBuildPhase section */
		529DCD7C2062BFE6007F2008 /* Frameworks */ = {
			isa = PBXFrameworksBuildPhase;
			buildActionMask = 2147483647;
			files = (
			);
			runOnlyForDeploymentPostprocessing = 0;
		};
		529DCD902062BFE7007F2008 /* Frameworks */ = {
			isa = PBXFrameworksBuildPhase;
			buildActionMask = 2147483647;
			files = (
			);
			runOnlyForDeploymentPostprocessing = 0;
		};
		529DCD9B2062BFE7007F2008 /* Frameworks */ = {
			isa = PBXFrameworksBuildPhase;
			buildActionMask = 2147483647;
			files = (
			);
			runOnlyForDeploymentPostprocessing = 0;
		};
/* End PBXFrameworksBuildPhase section */

/* Begin PBXGroup section */
		529DCD762062BFE6007F2008 = {
			isa = PBXGroup;
			children = (
				529DCD812062BFE7007F2008 /* speechDevicesMidFi */,
				529DCD962062BFE7007F2008 /* speechDevicesMidFiTests */,
				529DCDA12062BFE7007F2008 /* speechDevicesMidFiUITests */,
				529DCD802062BFE7007F2008 /* Products */,
			);
			sourceTree = "<group>";
		};
		529DCD802062BFE7007F2008 /* Products */ = {
			isa = PBXGroup;
			children = (
				529DCD7F2062BFE7007F2008 /* speechDevicesMidFi.app */,
				529DCD932062BFE7007F2008 /* speechDevicesMidFiTests.xctest */,
				529DCD9E2062BFE7007F2008 /* speechDevicesMidFiUITests.xctest */,
			);
			name = Products;
			sourceTree = "<group>";
		};
		529DCD812062BFE7007F2008 /* speechDevicesMidFi */ = {
			isa = PBXGroup;
			children = (
				529DCD822062BFE7007F2008 /* AppDelegate.swift */,
				529DCD842062BFE7007F2008 /* ViewController.swift */,
				529DCD862062BFE7007F2008 /* Main.storyboard */,
				529DCD892062BFE7007F2008 /* Assets.xcassets */,
				529DCD8B2062BFE7007F2008 /* LaunchScreen.storyboard */,
				529DCD8E2062BFE7007F2008 /* Info.plist */,
			);
			path = speechDevicesMidFi;
			sourceTree = "<group>";
		};
		529DCD962062BFE7007F2008 /* speechDevicesMidFiTests */ = {
			isa = PBXGroup;
			children = (
				529DCD972062BFE7007F2008 /* speechDevicesMidFiTests.swift */,
				529DCD992062BFE7007F2008 /* Info.plist */,
			);
			path = speechDevicesMidFiTests;
			sourceTree = "<group>";
		};
		529DCDA12062BFE7007F2008 /* speechDevicesMidFiUITests */ = {
			isa = PBXGroup;
			children = (
				529DCDA22062BFE7007F2008 /* speechDevicesMidFiUITests.swift */,
				529DCDA42062BFE7007F2008 /* Info.plist */,
			);
			path = speechDevicesMidFiUITests;
			sourceTree = "<group>";
		};
/* End PBXGroup section */

/* Begin PBXNativeTarget section */
		529DCD7E2062BFE6007F2008 /* speechDevicesMidFi */ = {
			isa = PBXNativeTarget;
			buildConfigurationList = 529DCDA72062BFE7007F2008 /* Build configuration list for PBXNativeTarget "speechDevicesMidFi" */;
			buildPhases = (
				529DCD7B2062BFE6007F2008 /* Sources */,
				529DCD7C2062BFE6007F2008 /* Frameworks */,
				529DCD7D2062BFE6007F2008 /* Resources */,
			);
			buildRules = (
			);
			dependencies = (
			);
			name = speechDevicesMidFi;
			productName = speechDevicesMidFi;
			productReference = 529DCD7F2062BFE7007F2008 /* speechDevicesMidFi.app */;
			productType = "com.apple.product-type.application";
		};
		529DCD922062BFE7007F2008 /* speechDevicesMidFiTests */ = {
			isa = PBXNativeTarget;
			buildConfigurationList = 529DCDAA2062BFE7007F2008 /* Build configuration list for PBXNativeTarget "speechDevicesMidFiTests" */;
			buildPhases = (
				529DCD8F2062BFE7007F2008 /* Sources */,
				529DCD902062BFE7007F2008 /* Frameworks */,
				529DCD912062BFE7007F2008 /* Resources */,
			);
			buildRules = (
			);
			dependencies = (
				529DCD952062BFE7007F2008 /* PBXTargetDependency */,
			);
			name = speechDevicesMidFiTests;
			productName = speechDevicesMidFiTests;
			productReference = 529DCD932062BFE7007F2008 /* speechDevicesMidFiTests.xctest */;
			productType = "com.apple.product-type.bundle.unit-test";
		};
		529DCD9D2062BFE7007F2008 /* speechDevicesMidFiUITests */ = {
			isa = PBXNativeTarget;
			buildConfigurationList = 529DCDAD2062BFE7007F2008 /* Build configuration list for PBXNativeTarget "speechDevicesMidFiUITests" */;
			buildPhases = (
				529DCD9A2062BFE7007F2008 /* Sources */,
				529DCD9B2062BFE7007F2008 /* Frameworks */,
				529DCD9C2062BFE7007F2008 /* Resources */,
			);
			buildRules = (
			);
			dependencies = (
				529DCDA02062BFE7007F2008 /* PBXTargetDependency */,
			);
			name = speechDevicesMidFiUITests;
			productName = speechDevicesMidFiUITests;
			productReference = 529DCD9E2062BFE7007F2008 /* speechDevicesMidFiUITests.xctest */;
			productType = "com.apple.product-type.bundle.ui-testing";
		};
/* End PBXNativeTarget section */

/* Begin PBXProject section */
		529DCD772062BFE6007F2008 /* Project object */ = {
			isa = PBXProject;
			attributes = {
				LastSwiftUpdateCheck = 0830;
				LastUpgradeCheck = 0920;
				ORGANIZATIONNAME = "Rae  Lasko";
				TargetAttributes = {
					529DCD7E2062BFE6007F2008 = {
						CreatedOnToolsVersion = 8.3.3;
						DevelopmentTeam = UGUNRYBRQZ;
						LastSwiftMigration = 0920;
						ProvisioningStyle = Automatic;
					};
					529DCD922062BFE7007F2008 = {
						CreatedOnToolsVersion = 8.3.3;
						DevelopmentTeam = UGUNRYBRQZ;
						LastSwiftMigration = 0920;
						ProvisioningStyle = Automatic;
						TestTargetID = 529DCD7E2062BFE6007F2008;
					};
					529DCD9D2062BFE7007F2008 = {
						CreatedOnToolsVersion = 8.3.3;
						DevelopmentTeam = UGUNRYBRQZ;
						LastSwiftMigration = 0920;
						ProvisioningStyle = Automatic;
						TestTargetID = 529DCD7E2062BFE6007F2008;
					};
				};
			};
			buildConfigurationList = 529DCD7A2062BFE6007F2008 /* Build configuration list for PBXProject "speechDevicesMidFi" */;
			compatibilityVersion = "Xcode 3.2";
			developmentRegion = English;
			hasScannedForEncodings = 0;
			knownRegions = (
				en,
				Base,
			);
			mainGroup = 529DCD762062BFE6007F2008;
			productRefGroup = 529DCD802062BFE7007F2008 /* Products */;
			projectDirPath = "";
			projectRoot = "";
			targets = (
				529DCD7E2062BFE6007F2008 /* speechDevicesMidFi */,
				529DCD922062BFE7007F2008 /* speechDevicesMidFiTests */,
				529DCD9D2062BFE7007F2008 /* speechDevicesMidFiUITests */,
			);
		};
/* End PBXProject section */

/* Begin PBXResourcesBuildPhase section */
		529DCD7D2062BFE6007F2008 /* Resources */ = {
			isa = PBXResourcesBuildPhase;
			buildActionMask = 2147483647;
			files = (
				529DCD8D2062BFE7007F2008 /* LaunchScreen.storyboard in Resources */,
				529DCD8A2062BFE7007F2008 /* Assets.xcassets in Resources */,
				529DCD882062BFE7007F2008 /* Main.storyboard in Resources */,
			);
			runOnlyForDeploymentPostprocessing = 0;
		};
		529DCD912062BFE7007F2008 /* Resources */ = {
			isa = PBXResourcesBuildPhase;
			buildActionMask = 2147483647;
			files = (
			);
			runOnlyForDeploymentPostprocessing = 0;
		};
		529DCD9C2062BFE7007F2008 /* Resources */ = {
			isa = PBXResourcesBuildPhase;
			buildActionMask = 2147483647;
			files = (
			);
			runOnlyForDeploymentPostprocessing = 0;
		};
/* End PBXResourcesBuildPhase section */

/* Begin PBXSourcesBuildPhase section */
		529DCD7B2062BFE6007F2008 /* Sources */ = {
			isa = PBXSourcesBuildPhase;
			buildActionMask = 2147483647;
			files = (
				529DCD852062BFE7007F2008 /* ViewController.swift in Sources */,
				529DCD832062BFE7007F2008 /* AppDelegate.swift in Sources */,
			);
			runOnlyForDeploymentPostprocessing = 0;
		};
		529DCD8F2062BFE7007F2008 /* Sources */ = {
			isa = PBXSourcesBuildPhase;
			buildActionMask = 2147483647;
			files = (
				529DCD982062BFE7007F2008 /* speechDevicesMidFiTests.swift in Sources */,
			);
			runOnlyForDeploymentPostprocessing = 0;
		};
		529DCD9A2062BFE7007F2008 /* Sources */ = {
			isa = PBXSourcesBuildPhase;
			buildActionMask = 2147483647;
			files = (
				529DCDA32062BFE7007F2008 /* speechDevicesMidFiUITests.swift in Sources */,
			);
			runOnlyForDeploymentPostprocessing = 0;
		};
/* End PBXSourcesBuildPhase section */

/* Begin PBXTargetDependency section */
		529DCD952062BFE7007F2008 /* PBXTargetDependency */ = {
			isa = PBXTargetDependency;
			target = 529DCD7E2062BFE6007F2008 /* speechDevicesMidFi */;
			targetProxy = 529DCD942062BFE7007F2008 /* PBXContainerItemProxy */;
		};
		529DCDA02062BFE7007F2008 /* PBXTargetDependency */ = {
			isa = PBXTargetDependency;
			target = 529DCD7E2062BFE6007F2008 /* speechDevicesMidFi */;
			targetProxy = 529DCD9F2062BFE7007F2008 /* PBXContainerItemProxy */;
		};
/* End PBXTargetDependency section */

/* Begin PBXVariantGroup section */
		529DCD862062BFE7007F2008 /* Main.storyboard */ = {
			isa = PBXVariantGroup;
			children = (
				529DCD872062BFE7007F2008 /* Base */,
			);
			name = Main.storyboard;
			sourceTree = "<group>";
		};
		529DCD8B2062BFE7007F2008 /* LaunchScreen.storyboard */ = {
			isa = PBXVariantGroup;
			children = (
				529DCD8C2062BFE7007F2008 /* Base */,
			);
			name = LaunchScreen.storyboard;
			sourceTree = "<group>";
		};
/* End PBXVariantGroup section */

/* Begin XCBuildConfiguration section */
		529DCDA52062BFE7007F2008 /* Debug */ = {
			isa = XCBuildConfiguration;
			buildSettings = {
				ALWAYS_SEARCH_USER_PATHS = NO;
				CLANG_ANALYZER_NONNULL = YES;
				CLANG_ANALYZER_NUMBER_OBJECT_CONVERSION = YES_AGGRESSIVE;
				CLANG_CXX_LANGUAGE_STANDARD = "gnu++0x";
				CLANG_CXX_LIBRARY = "libc++";
				CLANG_ENABLE_MODULES = YES;
				CLANG_ENABLE_OBJC_ARC = YES;
				CLANG_WARN_BLOCK_CAPTURE_AUTORELEASING = YES;
				CLANG_WARN_BOOL_CONVERSION = YES;
				CLANG_WARN_COMMA = YES;
				CLANG_WARN_CONSTANT_CONVERSION = YES;
				CLANG_WARN_DIRECT_OBJC_ISA_USAGE = YES_ERROR;
				CLANG_WARN_DOCUMENTATION_COMMENTS = YES;
				CLANG_WARN_EMPTY_BODY = YES;
				CLANG_WARN_ENUM_CONVERSION = YES;
				CLANG_WARN_INFINITE_RECURSION = YES;
				CLANG_WARN_INT_CONVERSION = YES;
				CLANG_WARN_NON_LITERAL_NULL_CONVERSION = YES;
				CLANG_WARN_OBJC_LITERAL_CONVERSION = YES;
				CLANG_WARN_OBJC_ROOT_CLASS = YES_ERROR;
				CLANG_WARN_RANGE_LOOP_ANALYSIS = YES;
				CLANG_WARN_STRICT_PROTOTYPES = YES;
				CLANG_WARN_SUSPICIOUS_MOVE = YES;
				CLANG_WARN_UNREACHABLE_CODE = YES;
				CLANG_WARN__DUPLICATE_METHOD_MATCH = YES;
				"CODE_SIGN_IDENTITY[sdk=iphoneos*]" = "iPhone Developer";
				COPY_PHASE_STRIP = NO;
				DEBUG_INFORMATION_FORMAT = dwarf;
				ENABLE_STRICT_OBJC_MSGSEND = YES;
				ENABLE_TESTABILITY = YES;
				GCC_C_LANGUAGE_STANDARD = gnu99;
				GCC_DYNAMIC_NO_PIC = NO;
				GCC_NO_COMMON_BLOCKS = YES;
				GCC_OPTIMIZATION_LEVEL = 0;
				GCC_PREPROCESSOR_DEFINITIONS = (
					"DEBUG=1",
					"$(inherited)",
				);
				GCC_WARN_64_TO_32_BIT_CONVERSION = YES;
				GCC_WARN_ABOUT_RETURN_TYPE = YES_ERROR;
				GCC_WARN_UNDECLARED_SELECTOR = YES;
				GCC_WARN_UNINITIALIZED_AUTOS = YES_AGGRESSIVE;
				GCC_WARN_UNUSED_FUNCTION = YES;
				GCC_WARN_UNUSED_VARIABLE = YES;
				IPHONEOS_DEPLOYMENT_TARGET = 11.0;
				MTL_ENABLE_DEBUG_INFO = YES;
				ONLY_ACTIVE_ARCH = YES;
				SDKROOT = iphoneos;
				SWIFT_ACTIVE_COMPILATION_CONDITIONS = DEBUG;
				SWIFT_OPTIMIZATION_LEVEL = "-Onone";
				TARGETED_DEVICE_FAMILY = 2;
			};
			name = Debug;
		};
		529DCDA62062BFE7007F2008 /* Release */ = {
			isa = XCBuildConfiguration;
			buildSettings = {
				ALWAYS_SEARCH_USER_PATHS = NO;
				CLANG_ANALYZER_NONNULL = YES;
				CLANG_ANALYZER_NUMBER_OBJECT_CONVERSION = YES_AGGRESSIVE;
				CLANG_CXX_LANGUAGE_STANDARD = "gnu++0x";
				CLANG_CXX_LIBRARY = "libc++";
				CLANG_ENABLE_MODULES = YES;
				CLANG_ENABLE_OBJC_ARC = YES;
				CLANG_WARN_BLOCK_CAPTURE_AUTORELEASING = YES;
				CLANG_WARN_BOOL_CONVERSION = YES;
				CLANG_WARN_COMMA = YES;
				CLANG_WARN_CONSTANT_CONVERSION = YES;
				CLANG_WARN_DIRECT_OBJC_ISA_USAGE = YES_ERROR;
				CLANG_WARN_DOCUMENTATION_COMMENTS = YES;
				CLANG_WARN_EMPTY_BODY = YES;
				CLANG_WARN_ENUM_CONVERSION = YES;
				CLANG_WARN_INFINITE_RECURSION = YES;
				CLANG_WARN_INT_CONVERSION = YES;
				CLANG_WARN_NON_LITERAL_NULL_CONVERSION = YES;
				CLANG_WARN_OBJC_LITERAL_CONVERSION = YES;
				CLANG_WARN_OBJC_ROOT_CLASS = YES_ERROR;
				CLANG_WARN_RANGE_LOOP_ANALYSIS = YES;
				CLANG_WARN_STRICT_PROTOTYPES = YES;
				CLANG_WARN_SUSPICIOUS_MOVE = YES;
				CLANG_WARN_UNREACHABLE_CODE = YES;
				CLANG_WARN__DUPLICATE_METHOD_MATCH = YES;
				"CODE_SIGN_IDENTITY[sdk=iphoneos*]" = "iPhone Developer";
				COPY_PHASE_STRIP = NO;
				DEBUG_INFORMATION_FORMAT = "dwarf-with-dsym";
				ENABLE_NS_ASSERTIONS = NO;
				ENABLE_STRICT_OBJC_MSGSEND = YES;
				GCC_C_LANGUAGE_STANDARD = gnu99;
				GCC_NO_COMMON_BLOCKS = YES;
				GCC_WARN_64_TO_32_BIT_CONVERSION = YES;
				GCC_WARN_ABOUT_RETURN_TYPE = YES_ERROR;
				GCC_WARN_UNDECLARED_SELECTOR = YES;
				GCC_WARN_UNINITIALIZED_AUTOS = YES_AGGRESSIVE;
				GCC_WARN_UNUSED_FUNCTION = YES;
				GCC_WARN_UNUSED_VARIABLE = YES;
				IPHONEOS_DEPLOYMENT_TARGET = 11.0;
				MTL_ENABLE_DEBUG_INFO = NO;
				SDKROOT = iphoneos;
				SWIFT_OPTIMIZATION_LEVEL = "-Owholemodule";
				TARGETED_DEVICE_FAMILY = 2;
				VALIDATE_PRODUCT = YES;
			};
			name = Release;
		};
		529DCDA82062BFE7007F2008 /* Debug */ = {
			isa = XCBuildConfiguration;
			buildSettings = {
				ASSETCATALOG_COMPILER_APPICON_NAME = AppIcon;
				DEVELOPMENT_TEAM = UGUNRYBRQZ;
				INFOPLIST_FILE = speechDevicesMidFi/Info.plist;
				LD_RUNPATH_SEARCH_PATHS = "$(inherited) @executable_path/Frameworks";
				PRODUCT_BUNDLE_IDENTIFIER = rlasko.speechDevicesMidFi;
				PRODUCT_NAME = "$(TARGET_NAME)";
				SWIFT_SWIFT3_OBJC_INFERENCE = On;
				SWIFT_VERSION = 4.0;
				TARGETED_DEVICE_FAMILY = 1;
			};
			name = Debug;
		};
		529DCDA92062BFE7007F2008 /* Release */ = {
			isa = XCBuildConfiguration;
			buildSettings = {
				ASSETCATALOG_COMPILER_APPICON_NAME = AppIcon;
				DEVELOPMENT_TEAM = UGUNRYBRQZ;
				INFOPLIST_FILE = speechDevicesMidFi/Info.plist;
				LD_RUNPATH_SEARCH_PATHS = "$(inherited) @executable_path/Frameworks";
				PRODUCT_BUNDLE_IDENTIFIER = rlasko.speechDevicesMidFi;
				PRODUCT_NAME = "$(TARGET_NAME)";
				SWIFT_SWIFT3_OBJC_INFERENCE = On;
				SWIFT_VERSION = 4.0;
				TARGETED_DEVICE_FAMILY = 1;
			};
			name = Release;
		};
		529DCDAB2062BFE7007F2008 /* Debug */ = {
			isa = XCBuildConfiguration;
			buildSettings = {
				ALWAYS_EMBED_SWIFT_STANDARD_LIBRARIES = YES;
				BUNDLE_LOADER = "$(TEST_HOST)";
				DEVELOPMENT_TEAM = UGUNRYBRQZ;
				INFOPLIST_FILE = speechDevicesMidFiTests/Info.plist;
				LD_RUNPATH_SEARCH_PATHS = "$(inherited) @executable_path/Frameworks @loader_path/Frameworks";
				PRODUCT_BUNDLE_IDENTIFIER = rlasko.speechDevicesMidFiTests;
				PRODUCT_NAME = "$(TARGET_NAME)";
				SWIFT_SWIFT3_OBJC_INFERENCE = On;
				SWIFT_VERSION = 4.0;
				TEST_HOST = "$(BUILT_PRODUCTS_DIR)/speechDevicesMidFi.app/speechDevicesMidFi";
			};
			name = Debug;
		};
		529DCDAC2062BFE7007F2008 /* Release */ = {
			isa = XCBuildConfiguration;
			buildSettings = {
				ALWAYS_EMBED_SWIFT_STANDARD_LIBRARIES = YES;
				BUNDLE_LOADER = "$(TEST_HOST)";
				DEVELOPMENT_TEAM = UGUNRYBRQZ;
				INFOPLIST_FILE = speechDevicesMidFiTests/Info.plist;
				LD_RUNPATH_SEARCH_PATHS = "$(inherited) @executable_path/Frameworks @loader_path/Frameworks";
				PRODUCT_BUNDLE_IDENTIFIER = rlasko.speechDevicesMidFiTests;
				PRODUCT_NAME = "$(TARGET_NAME)";
				SWIFT_SWIFT3_OBJC_INFERENCE = On;
				SWIFT_VERSION = 4.0;
				TEST_HOST = "$(BUILT_PRODUCTS_DIR)/speechDevicesMidFi.app/speechDevicesMidFi";
			};
			name = Release;
		};
		529DCDAE2062BFE7007F2008 /* Debug */ = {
			isa = XCBuildConfiguration;
			buildSettings = {
				ALWAYS_EMBED_SWIFT_STANDARD_LIBRARIES = YES;
				DEVELOPMENT_TEAM = UGUNRYBRQZ;
				INFOPLIST_FILE = speechDevicesMidFiUITests/Info.plist;
				LD_RUNPATH_SEARCH_PATHS = "$(inherited) @executable_path/Frameworks @loader_path/Frameworks";
				PRODUCT_BUNDLE_IDENTIFIER = rlasko.speechDevicesMidFiUITests;
				PRODUCT_NAME = "$(TARGET_NAME)";
				SWIFT_SWIFT3_OBJC_INFERENCE = On;
				SWIFT_VERSION = 4.0;
				TEST_TARGET_NAME = speechDevicesMidFi;
			};
			name = Debug;
		};
		529DCDAF2062BFE7007F2008 /* Release */ = {
			isa = XCBuildConfiguration;
			buildSettings = {
				ALWAYS_EMBED_SWIFT_STANDARD_LIBRARIES = YES;
				DEVELOPMENT_TEAM = UGUNRYBRQZ;
				INFOPLIST_FILE = speechDevicesMidFiUITests/Info.plist;
				LD_RUNPATH_SEARCH_PATHS = "$(inherited) @executable_path/Frameworks @loader_path/Frameworks";
				PRODUCT_BUNDLE_IDENTIFIER = rlasko.speechDevicesMidFiUITests;
				PRODUCT_NAME = "$(TARGET_NAME)";
				SWIFT_SWIFT3_OBJC_INFERENCE = On;
				SWIFT_VERSION = 4.0;
				TEST_TARGET_NAME = speechDevicesMidFi;
			};
			name = Release;
		};
/* End XCBuildConfiguration section */

/* Begin XCConfigurationList section */
		529DCD7A2062BFE6007F2008 /* Build configuration list for PBXProject "speechDevicesMidFi" */ = {
			isa = XCConfigurationList;
			buildConfigurations = (
				529DCDA52062BFE7007F2008 /* Debug */,
				529DCDA62062BFE7007F2008 /* Release */,
			);
			defaultConfigurationIsVisible = 0;
			defaultConfigurationName = Release;
		};
		529DCDA72062BFE7007F2008 /* Build configuration list for PBXNativeTarget "speechDevicesMidFi" */ = {
			isa = XCConfigurationList;
			buildConfigurations = (
				529DCDA82062BFE7007F2008 /* Debug */,
				529DCDA92062BFE7007F2008 /* Release */,
			);
			defaultConfigurationIsVisible = 0;
			defaultConfigurationName = Release;
		};
		529DCDAA2062BFE7007F2008 /* Build configuration list for PBXNativeTarget "speechDevicesMidFiTests" */ = {
			isa = XCConfigurationList;
			buildConfigurations = (
				529DCDAB2062BFE7007F2008 /* Debug */,
				529DCDAC2062BFE7007F2008 /* Release */,
			);
			defaultConfigurationIsVisible = 0;
			defaultConfigurationName = Release;
		};
		529DCDAD2062BFE7007F2008 /* Build configuration list for PBXNativeTarget "speechDevicesMidFiUITests" */ = {
			isa = XCConfigurationList;
			buildConfigurations = (
				529DCDAE2062BFE7007F2008 /* Debug */,
				529DCDAF2062BFE7007F2008 /* Release */,
			);
			defaultConfigurationIsVisible = 0;
			defaultConfigurationName = Release;
		};
/* End XCConfigurationList section */
	};
	rootObject = 529DCD772062BFE6007F2008 /* Project object */;
}
